
Microsoft Visual Studio Solution File, Format Version 12.00
# Visual Studio Version 17
VisualStudioVersion = 17.11.35219.272
MinimumVisualStudioVersion = 10.0.40219.1
Project("{FAE04EC0-301F-11D3-BF4B-00C04F79EFBC}") = "ToDoList", "ToDoList\ToDoList.csproj", "{C433AD07-0009-4156-909A-B8C42E6179EC}"
EndProject
Global
	GlobalSection(SolutionConfigurationPlatforms) = preSolution
		Debug|Any CPU = Debug|Any CPU
		Release|Any CPU = Release|Any CPU
	EndGlobalSection
	GlobalSection(ProjectConfigurationPlatforms) = postSolution
		{C433AD07-0009-4156-909A-B8C42E6179EC}.Debug|Any CPU.ActiveCfg = Debug|Any CPU
		{C433AD07-0009-4156-909A-B8C42E6179EC}.Debug|Any CPU.Build.0 = Debug|Any CPU
		{C433AD07-0009-4156-909A-B8C42E6179EC}.Release|Any CPU.ActiveCfg = Release|Any CPU
		{C433AD07-0009-4156-909A-B8C42E6179EC}.Release|Any CPU.Build.0 = Release|Any CPU
	EndGlobalSection
	GlobalSection(SolutionProperties) = preSolution
		HideSolutionNode = FALSE
	EndGlobalSection
	GlobalSection(ExtensibilityGlobals) = postSolution
		SolutionGuid = {91C5A679-7C64-4020-A46F-B0FD7C546B8C}
	EndGlobalSection
EndGlobal
